
Microsoft Visual Studio Solution File, Format Version 12.00
# Visual Studio Version 17
VisualStudioVersion = 17.9.34701.34
MinimumVisualStudioVersion = 10.0.40219.1
Project("{2150E333-8FDC-42A3-9474-1A3956D46DE8}") = "Shop", "Shop", "{F94F3050-D7DA-4FCB-A03B-B640E5C4881E}"
EndProject
Project("{9A19103F-16F7-4668-BE54-9A1E7A4F7556}") = "Trendify.Web", "Shop\Trendify.Web\Trendify.Web.csproj", "{07109977-22FF-4273-B42B-3DBE0BB35C9D}"
EndProject
Project("{9A19103F-16F7-4668-BE54-9A1E7A4F7556}") = "Trendify.Services", "Shop\Trendify.Services\Trendify.Services.csproj", "{69DA4CDB-0842-475C-BF99-E8CA938B8637}"
EndProject
Project("{9A19103F-16F7-4668-BE54-9A1E7A4F7556}") = "Trendify.EntityFramework", "Shop\Trendify.EntityFramework\Trendify.EntityFramework.csproj", "{67D08EF7-FCCA-4FBC-A4A1-0DB0AFDDD0D3}"
EndProject
Project("{9A19103F-16F7-4668-BE54-9A1E7A4F7556}") = "Trendify.Database", "Shop\Trendify.Database\Trendify.Database.csproj", "{8F78C600-8935-46AD-B5C3-E1E15D7176D3}"
EndProject
Project("{2150E333-8FDC-42A3-9474-1A3956D46DE8}") = "System", "System", "{6F6AC9B1-CEE5-4507-9D01-32B67B155134}"
EndProject
Project("{2150E333-8FDC-42A3-9474-1A3956D46DE8}") = "Api", "Api", "{56695C2B-D112-4564-B2EE-123FA056AF3C}"
EndProject
Project("{FAE04EC0-301F-11D3-BF4B-00C04F79EFBC}") = "Trendify.Api.Core", "Api\Trendify.Api.Core\Trendify.Api.Core.csproj", "{EA69BE11-4E3A-492B-83E3-B595923B98E5}"
EndProject
Project("{FAE04EC0-301F-11D3-BF4B-00C04F79EFBC}") = "Trendify.Api.Database", "Api\Trendify.Api.Database\Trendify.Api.Database.csproj", "{9091886B-3387-4FF2-9C41-B64040E3355F}"
EndProject
Project("{FAE04EC0-301F-11D3-BF4B-00C04F79EFBC}") = "Trendify.Api.EntityFramework", "Api\Trendify.Api.EntityFramework\Trendify.Api.EntityFramework.csproj", "{18E6F333-EB59-4085-A5E8-263A1D857FF6}"
EndProject
Project("{FAE04EC0-301F-11D3-BF4B-00C04F79EFBC}") = "Trendify.Api.Services", "Api\Trendify.Api.Services\Trendify.Api.Services.csproj", "{0477F355-561E-4555-9AEB-AFD63B2C5253}"
EndProject
Project("{FAE04EC0-301F-11D3-BF4B-00C04F79EFBC}") = "Trendify.Api.Domain.Handler", "Api\Trendify.Api.Domain.Handler\Trendify.Api.Domain.Handler.csproj", "{29775025-7E83-4E1E-9C1D-E40CFA435972}"
EndProject
Project("{FAE04EC0-301F-11D3-BF4B-00C04F79EFBC}") = "Trendify.ExperimentalWorkshop.Web", "System\Trendify.ExperimentalWorkshop.Web\Trendify.ExperimentalWorkshop.Web.csproj", "{64AD92CA-2522-453B-B5E4-96380F33A4E1}"
EndProject
Project("{FAE04EC0-301F-11D3-BF4B-00C04F79EFBC}") = "Trendify.PreparationWorkshop.Web", "System\Trendify.PreparationWorkshop.Web\Trendify.PreparationWorkshop.Web.csproj", "{AD7092C5-285E-4EE9-8DBE-16DB0F5A7AAC}"
EndProject
Project("{FAE04EC0-301F-11D3-BF4B-00C04F79EFBC}") = "Trendify.CuttingWorkshop.Web", "System\Trendify.CuttingWorkshop.Web\Trendify.CuttingWorkshop.Web.csproj", "{1E33D1B7-C778-4E14-9B18-88FE5A05741C}"
EndProject
Project("{FAE04EC0-301F-11D3-BF4B-00C04F79EFBC}") = "Trendify.SewingWorkshop.Web", "System\Trendify.SewingWorkshop.Web\Trendify.SewingWorkshop.Web.csproj", "{DAF20F4C-74BA-42CA-8937-97A431FAD74E}"
EndProject
Project("{FAE04EC0-301F-11D3-BF4B-00C04F79EFBC}") = "Trendify.Warehouse.Web", "Trendify.Warehouse.Web\Trendify.Warehouse.Web.csproj", "{3276CC5C-D1E4-40BF-99A8-CB8D480B5B8F}"
EndProject
Global
	GlobalSection(SolutionConfigurationPlatforms) = preSolution
		Debug|Any CPU = Debug|Any CPU
		Release|Any CPU = Release|Any CPU
	EndGlobalSection
	GlobalSection(ProjectConfigurationPlatforms) = postSolution
		{07109977-22FF-4273-B42B-3DBE0BB35C9D}.Debug|Any CPU.ActiveCfg = Debug|Any CPU
		{07109977-22FF-4273-B42B-3DBE0BB35C9D}.Debug|Any CPU.Build.0 = Debug|Any CPU
		{07109977-22FF-4273-B42B-3DBE0BB35C9D}.Release|Any CPU.ActiveCfg = Release|Any CPU
		{07109977-22FF-4273-B42B-3DBE0BB35C9D}.Release|Any CPU.Build.0 = Release|Any CPU
		{69DA4CDB-0842-475C-BF99-E8CA938B8637}.Debug|Any CPU.ActiveCfg = Debug|Any CPU
		{69DA4CDB-0842-475C-BF99-E8CA938B8637}.Debug|Any CPU.Build.0 = Debug|Any CPU
		{69DA4CDB-0842-475C-BF99-E8CA938B8637}.Release|Any CPU.ActiveCfg = Release|Any CPU
		{69DA4CDB-0842-475C-BF99-E8CA938B8637}.Release|Any CPU.Build.0 = Release|Any CPU
		{67D08EF7-FCCA-4FBC-A4A1-0DB0AFDDD0D3}.Debug|Any CPU.ActiveCfg = Debug|Any CPU
		{67D08EF7-FCCA-4FBC-A4A1-0DB0AFDDD0D3}.Debug|Any CPU.Build.0 = Debug|Any CPU
		{67D08EF7-FCCA-4FBC-A4A1-0DB0AFDDD0D3}.Release|Any CPU.ActiveCfg = Release|Any CPU
		{67D08EF7-FCCA-4FBC-A4A1-0DB0AFDDD0D3}.Release|Any CPU.Build.0 = Release|Any CPU
		{8F78C600-8935-46AD-B5C3-E1E15D7176D3}.Debug|Any CPU.ActiveCfg = Debug|Any CPU
		{8F78C600-8935-46AD-B5C3-E1E15D7176D3}.Debug|Any CPU.Build.0 = Debug|Any CPU
		{8F78C600-8935-46AD-B5C3-E1E15D7176D3}.Release|Any CPU.ActiveCfg = Release|Any CPU
		{8F78C600-8935-46AD-B5C3-E1E15D7176D3}.Release|Any CPU.Build.0 = Release|Any CPU
		{EA69BE11-4E3A-492B-83E3-B595923B98E5}.Debug|Any CPU.ActiveCfg = Debug|Any CPU
		{EA69BE11-4E3A-492B-83E3-B595923B98E5}.Debug|Any CPU.Build.0 = Debug|Any CPU
		{EA69BE11-4E3A-492B-83E3-B595923B98E5}.Release|Any CPU.ActiveCfg = Release|Any CPU
		{EA69BE11-4E3A-492B-83E3-B595923B98E5}.Release|Any CPU.Build.0 = Release|Any CPU
		{9091886B-3387-4FF2-9C41-B64040E3355F}.Debug|Any CPU.ActiveCfg = Debug|Any CPU
		{9091886B-3387-4FF2-9C41-B64040E3355F}.Debug|Any CPU.Build.0 = Debug|Any CPU
		{9091886B-3387-4FF2-9C41-B64040E3355F}.Release|Any CPU.ActiveCfg = Release|Any CPU
		{9091886B-3387-4FF2-9C41-B64040E3355F}.Release|Any CPU.Build.0 = Release|Any CPU
		{18E6F333-EB59-4085-A5E8-263A1D857FF6}.Debug|Any CPU.ActiveCfg = Debug|Any CPU
		{18E6F333-EB59-4085-A5E8-263A1D857FF6}.Debug|Any CPU.Build.0 = Debug|Any CPU
		{18E6F333-EB59-4085-A5E8-263A1D857FF6}.Release|Any CPU.ActiveCfg = Release|Any CPU
		{18E6F333-EB59-4085-A5E8-263A1D857FF6}.Release|Any CPU.Build.0 = Release|Any CPU
		{0477F355-561E-4555-9AEB-AFD63B2C5253}.Debug|Any CPU.ActiveCfg = Debug|Any CPU
		{0477F355-561E-4555-9AEB-AFD63B2C5253}.Debug|Any CPU.Build.0 = Debug|Any CPU
		{0477F355-561E-4555-9AEB-AFD63B2C5253}.Release|Any CPU.ActiveCfg = Release|Any CPU
		{0477F355-561E-4555-9AEB-AFD63B2C5253}.Release|Any CPU.Build.0 = Release|Any CPU
		{29775025-7E83-4E1E-9C1D-E40CFA435972}.Debug|Any CPU.ActiveCfg = Debug|Any CPU
		{29775025-7E83-4E1E-9C1D-E40CFA435972}.Debug|Any CPU.Build.0 = Debug|Any CPU
		{29775025-7E83-4E1E-9C1D-E40CFA435972}.Release|Any CPU.ActiveCfg = Release|Any CPU
		{29775025-7E83-4E1E-9C1D-E40CFA435972}.Release|Any CPU.Build.0 = Release|Any CPU
		{64AD92CA-2522-453B-B5E4-96380F33A4E1}.Debug|Any CPU.ActiveCfg = Debug|Any CPU
		{64AD92CA-2522-453B-B5E4-96380F33A4E1}.Debug|Any CPU.Build.0 = Debug|Any CPU
		{64AD92CA-2522-453B-B5E4-96380F33A4E1}.Release|Any CPU.ActiveCfg = Release|Any CPU
		{64AD92CA-2522-453B-B5E4-96380F33A4E1}.Release|Any CPU.Build.0 = Release|Any CPU
		{AD7092C5-285E-4EE9-8DBE-16DB0F5A7AAC}.Debug|Any CPU.ActiveCfg = Debug|Any CPU
		{AD7092C5-285E-4EE9-8DBE-16DB0F5A7AAC}.Debug|Any CPU.Build.0 = Debug|Any CPU
		{AD7092C5-285E-4EE9-8DBE-16DB0F5A7AAC}.Release|Any CPU.ActiveCfg = Release|Any CPU
		{AD7092C5-285E-4EE9-8DBE-16DB0F5A7AAC}.Release|Any CPU.Build.0 = Release|Any CPU
		{1E33D1B7-C778-4E14-9B18-88FE5A05741C}.Debug|Any CPU.ActiveCfg = Debug|Any CPU
		{1E33D1B7-C778-4E14-9B18-88FE5A05741C}.Debug|Any CPU.Build.0 = Debug|Any CPU
		{1E33D1B7-C778-4E14-9B18-88FE5A05741C}.Release|Any CPU.ActiveCfg = Release|Any CPU
		{1E33D1B7-C778-4E14-9B18-88FE5A05741C}.Release|Any CPU.Build.0 = Release|Any CPU
		{DAF20F4C-74BA-42CA-8937-97A431FAD74E}.Debug|Any CPU.ActiveCfg = Debug|Any CPU
		{DAF20F4C-74BA-42CA-8937-97A431FAD74E}.Debug|Any CPU.Build.0 = Debug|Any CPU
		{DAF20F4C-74BA-42CA-8937-97A431FAD74E}.Release|Any CPU.ActiveCfg = Release|Any CPU
		{DAF20F4C-74BA-42CA-8937-97A431FAD74E}.Release|Any CPU.Build.0 = Release|Any CPU
		{3276CC5C-D1E4-40BF-99A8-CB8D480B5B8F}.Debug|Any CPU.ActiveCfg = Debug|Any CPU
		{3276CC5C-D1E4-40BF-99A8-CB8D480B5B8F}.Debug|Any CPU.Build.0 = Debug|Any CPU
		{3276CC5C-D1E4-40BF-99A8-CB8D480B5B8F}.Release|Any CPU.ActiveCfg = Release|Any CPU
		{3276CC5C-D1E4-40BF-99A8-CB8D480B5B8F}.Release|Any CPU.Build.0 = Release|Any CPU
	EndGlobalSection
	GlobalSection(SolutionProperties) = preSolution
		HideSolutionNode = FALSE
	EndGlobalSection
	GlobalSection(NestedProjects) = preSolution
		{07109977-22FF-4273-B42B-3DBE0BB35C9D} = {F94F3050-D7DA-4FCB-A03B-B640E5C4881E}
		{69DA4CDB-0842-475C-BF99-E8CA938B8637} = {F94F3050-D7DA-4FCB-A03B-B640E5C4881E}
		{67D08EF7-FCCA-4FBC-A4A1-0DB0AFDDD0D3} = {F94F3050-D7DA-4FCB-A03B-B640E5C4881E}
		{8F78C600-8935-46AD-B5C3-E1E15D7176D3} = {F94F3050-D7DA-4FCB-A03B-B640E5C4881E}
		{EA69BE11-4E3A-492B-83E3-B595923B98E5} = {56695C2B-D112-4564-B2EE-123FA056AF3C}
		{9091886B-3387-4FF2-9C41-B64040E3355F} = {56695C2B-D112-4564-B2EE-123FA056AF3C}
		{18E6F333-EB59-4085-A5E8-263A1D857FF6} = {56695C2B-D112-4564-B2EE-123FA056AF3C}
		{0477F355-561E-4555-9AEB-AFD63B2C5253} = {56695C2B-D112-4564-B2EE-123FA056AF3C}
		{29775025-7E83-4E1E-9C1D-E40CFA435972} = {56695C2B-D112-4564-B2EE-123FA056AF3C}
		{64AD92CA-2522-453B-B5E4-96380F33A4E1} = {6F6AC9B1-CEE5-4507-9D01-32B67B155134}
		{AD7092C5-285E-4EE9-8DBE-16DB0F5A7AAC} = {6F6AC9B1-CEE5-4507-9D01-32B67B155134}
		{1E33D1B7-C778-4E14-9B18-88FE5A05741C} = {6F6AC9B1-CEE5-4507-9D01-32B67B155134}
		{DAF20F4C-74BA-42CA-8937-97A431FAD74E} = {6F6AC9B1-CEE5-4507-9D01-32B67B155134}
		{3276CC5C-D1E4-40BF-99A8-CB8D480B5B8F} = {6F6AC9B1-CEE5-4507-9D01-32B67B155134}
	EndGlobalSection
	GlobalSection(ExtensibilityGlobals) = postSolution
		SolutionGuid = {6F7FB406-C178-4767-BF5F-81494E679A2B}
	EndGlobalSection
EndGlobal
